// !$*UTF8*$!
{
	archiveVersion = 1;
	classes = {
	};
	objectVersion = 46;
	objects = {

/* Begin PBXBuildFile section */
		5BF58CC51F8DAA100052B52D /* main.m in Sources */ = {isa = PBXBuildFile; fileRef = 5BF58CC41F8DAA100052B52D /* main.m */; };
		5BF58CC81F8DAA100052B52D /* AppDelegate.m in Sources */ = {isa = PBXBuildFile; fileRef = 5BF58CC71F8DAA100052B52D /* AppDelegate.m */; };
		5BF58CCB1F8DAA100052B52D /* ViewController.m in Sources */ = {isa = PBXBuildFile; fileRef = 5BF58CCA1F8DAA100052B52D /* ViewController.m */; };
		5BF58CCE1F8DAA100052B52D /* Main.storyboard in Resources */ = {isa = PBXBuildFile; fileRef = 5BF58CCC1F8DAA100052B52D /* Main.storyboard */; };
		5BF58CD01F8DAA100052B52D /* Assets.xcassets in Resources */ = {isa = PBXBuildFile; fileRef = 5BF58CCF1F8DAA100052B52D /* Assets.xcassets */; };
		5BF58CD31F8DAA100052B52D /* LaunchScreen.storyboard in Resources */ = {isa = PBXBuildFile; fileRef = 5BF58CD11F8DAA100052B52D /* LaunchScreen.storyboard */; };
		5BF58CDE1F8DAA100052B52D /* HBAssemblyTests.m in Sources */ = {isa = PBXBuildFile; fileRef = 5BF58CDD1F8DAA100052B52D /* HBAssemblyTests.m */; };
		5BF58CE91F8DAA100052B52D /* HBAssemblyUITests.m in Sources */ = {isa = PBXBuildFile; fileRef = 5BF58CE81F8DAA100052B52D /* HBAssemblyUITests.m */; };
		5BF58CFA1F8DAA360052B52D /* HBroundLabel.m in Sources */ = {isa = PBXBuildFile; fileRef = 5BF58CF71F8DAA360052B52D /* HBroundLabel.m */; };
		5BF58CFB1F8DAA360052B52D /* HBRoundView.m in Sources */ = {isa = PBXBuildFile; fileRef = 5BF58CF91F8DAA360052B52D /* HBRoundView.m */; };
/* End PBXBuildFile section */

/* Begin PBXContainerItemProxy section */
		5BF58CDA1F8DAA100052B52D /* PBXContainerItemProxy */ = {
			isa = PBXContainerItemProxy;
			containerPortal = 5BF58CB81F8DAA100052B52D /* Project object */;
			proxyType = 1;
			remoteGlobalIDString = 5BF58CBF1F8DAA100052B52D;
			remoteInfo = HBAssembly;
		};
		5BF58CE51F8DAA100052B52D /* PBXContainerItemProxy */ = {
			isa = PBXContainerItemProxy;
			containerPortal = 5BF58CB81F8DAA100052B52D /* Project object */;
			proxyType = 1;
			remoteGlobalIDString = 5BF58CBF1F8DAA100052B52D;
			remoteInfo = HBAssembly;
		};
/* End PBXContainerItemProxy section */

/* Begin PBXFileReference section */
		5BF58CC01F8DAA100052B52D /* HBAssembly.app */ = {isa = PBXFileReference; explicitFileType = wrapper.application; includeInIndex = 0; path = HBAssembly.app; sourceTree = BUILT_PRODUCTS_DIR; };
		5BF58CC41F8DAA100052B52D /* main.m */ = {isa = PBXFileReference; lastKnownFileType = sourcecode.c.objc; path = main.m; sourceTree = "<group>"; };
		5BF58CC61F8DAA100052B52D /* AppDelegate.h */ = {isa = PBXFileReference; lastKnownFileType = sourcecode.c.h; path = AppDelegate.h; sourceTree = "<group>"; };
		5BF58CC71F8DAA100052B52D /* AppDelegate.m */ = {isa = PBXFileReference; lastKnownFileType = sourcecode.c.objc; path = AppDelegate.m; sourceTree = "<group>"; };
		5BF58CC91F8DAA100052B52D /* ViewController.h */ = {isa = PBXFileReference; lastKnownFileType = sourcecode.c.h; path = ViewController.h; sourceTree = "<group>"; };
		5BF58CCA1F8DAA100052B52D /* ViewController.m */ = {isa = PBXFileReference; lastKnownFileType = sourcecode.c.objc; path = ViewController.m; sourceTree = "<group>"; };
		5BF58CCD1F8DAA100052B52D /* Base */ = {isa = PBXFileReference; lastKnownFileType = file.storyboard; name = Base; path = Base.lproj/Main.storyboard; sourceTree = "<group>"; };
		5BF58CCF1F8DAA100052B52D /* Assets.xcassets */ = {isa = PBXFileReference; lastKnownFileType = folder.assetcatalog; path = Assets.xcassets; sourceTree = "<group>"; };
		5BF58CD21F8DAA100052B52D /* Base */ = {isa = PBXFileReference; lastKnownFileType = file.storyboard; name = Base; path = Base.lproj/LaunchScreen.storyboard; sourceTree = "<group>"; };
		5BF58CD41F8DAA100052B52D /* Info.plist */ = {isa = PBXFileReference; lastKnownFileType = text.plist.xml; path = Info.plist; sourceTree = "<group>"; };
		5BF58CD91F8DAA100052B52D /* HBAssemblyTests.xctest */ = {isa = PBXFileReference; explicitFileType = wrapper.cfbundle; includeInIndex = 0; path = HBAssemblyTests.xctest; sourceTree = BUILT_PRODUCTS_DIR; };
		5BF58CDD1F8DAA100052B52D /* HBAssemblyTests.m */ = {isa = PBXFileReference; lastKnownFileType = sourcecode.c.objc; path = HBAssemblyTests.m; sourceTree = "<group>"; };
		5BF58CDF1F8DAA100052B52D /* Info.plist */ = {isa = PBXFileReference; lastKnownFileType = text.plist.xml; path = Info.plist; sourceTree = "<group>"; };
		5BF58CE41F8DAA100052B52D /* HBAssemblyUITests.xctest */ = {isa = PBXFileReference; explicitFileType = wrapper.cfbundle; includeInIndex = 0; path = HBAssemblyUITests.xctest; sourceTree = BUILT_PRODUCTS_DIR; };
		5BF58CE81F8DAA100052B52D /* HBAssemblyUITests.m */ = {isa = PBXFileReference; lastKnownFileType = sourcecode.c.objc; path = HBAssemblyUITests.m; sourceTree = "<group>"; };
		5BF58CEA1F8DAA100052B52D /* Info.plist */ = {isa = PBXFileReference; lastKnownFileType = text.plist.xml; path = Info.plist; sourceTree = "<group>"; };
		5BF58CF61F8DAA360052B52D /* HBroundLabel.h */ = {isa = PBXFileReference; fileEncoding = 4; lastKnownFileType = sourcecode.c.h; path = HBroundLabel.h; sourceTree = "<group>"; };
		5BF58CF71F8DAA360052B52D /* HBroundLabel.m */ = {isa = PBXFileReference; fileEncoding = 4; lastKnownFileType = sourcecode.c.objc; path = HBroundLabel.m; sourceTree = "<group>"; };
		5BF58CF81F8DAA360052B52D /* HBRoundView.h */ = {isa = PBXFileReference; fileEncoding = 4; lastKnownFileType = sourcecode.c.h; path = HBRoundView.h; sourceTree = "<group>"; };
		5BF58CF91F8DAA360052B52D /* HBRoundView.m */ = {isa = PBXFileReference; fileEncoding = 4; lastKnownFileType = sourcecode.c.objc; path = HBRoundView.m; sourceTree = "<group>"; };
/* End PBXFileReference section */

/* Begin PBXFrameworksBuildPhase section */
		5BF58CBD1F8DAA100052B52D /* Frameworks */ = {
			isa = PBXFrameworksBuildPhase;
			buildActionMask = 2147483647;
			files = (
			);
			runOnlyForDeploymentPostprocessing = 0;
		};
		5BF58CD61F8DAA100052B52D /* Frameworks */ = {
			isa = PBXFrameworksBuildPhase;
			buildActionMask = 2147483647;
			files = (
			);
			runOnlyForDeploymentPostprocessing = 0;
		};
		5BF58CE11F8DAA100052B52D /* Frameworks */ = {
			isa = PBXFrameworksBuildPhase;
			buildActionMask = 2147483647;
			files = (
			);
			runOnlyForDeploymentPostprocessing = 0;
		};
/* End PBXFrameworksBuildPhase section */

/* Begin PBXGroup section */
		5BF58CB71F8DAA100052B52D = {
			isa = PBXGroup;
			children = (
				5BF58CC21F8DAA100052B52D /* HBAssembly */,
				5BF58CDC1F8DAA100052B52D /* HBAssemblyTests */,
				5BF58CE71F8DAA100052B52D /* HBAssemblyUITests */,
				5BF58CC11F8DAA100052B52D /* Products */,
			);
			sourceTree = "<group>";
		};
		5BF58CC11F8DAA100052B52D /* Products */ = {
			isa = PBXGroup;
			children = (
				5BF58CC01F8DAA100052B52D /* HBAssembly.app */,
				5BF58CD91F8DAA100052B52D /* HBAssemblyTests.xctest */,
				5BF58CE41F8DAA100052B52D /* HBAssemblyUITests.xctest */,
			);
			name = Products;
			sourceTree = "<group>";
		};
		5BF58CC21F8DAA100052B52D /* HBAssembly */ = {
			isa = PBXGroup;
			children = (
				5BF58CC61F8DAA100052B52D /* AppDelegate.h */,
				5BF58CC71F8DAA100052B52D /* AppDelegate.m */,
				5BF58CC91F8DAA100052B52D /* ViewController.h */,
				5BF58CCA1F8DAA100052B52D /* ViewController.m */,
				5BF58CF61F8DAA360052B52D /* HBroundLabel.h */,
				5BF58CF71F8DAA360052B52D /* HBroundLabel.m */,
				5BF58CF81F8DAA360052B52D /* HBRoundView.h */,
				5BF58CF91F8DAA360052B52D /* HBRoundView.m */,
				5BF58CCC1F8DAA100052B52D /* Main.storyboard */,
				5BF58CCF1F8DAA100052B52D /* Assets.xcassets */,
				5BF58CD11F8DAA100052B52D /* LaunchScreen.storyboard */,
				5BF58CD41F8DAA100052B52D /* Info.plist */,
				5BF58CC31F8DAA100052B52D /* Supporting Files */,
			);
			path = HBAssembly;
			sourceTree = "<group>";
		};
		5BF58CC31F8DAA100052B52D /* Supporting Files */ = {
			isa = PBXGroup;
			children = (
				5BF58CC41F8DAA100052B52D /* main.m */,
			);
			name = "Supporting Files";
			sourceTree = "<group>";
		};
		5BF58CDC1F8DAA100052B52D /* HBAssemblyTests */ = {
			isa = PBXGroup;
			children = (
				5BF58CDD1F8DAA100052B52D /* HBAssemblyTests.m */,
				5BF58CDF1F8DAA100052B52D /* Info.plist */,
			);
			path = HBAssemblyTests;
			sourceTree = "<group>";
		};
		5BF58CE71F8DAA100052B52D /* HBAssemblyUITests */ = {
			isa = PBXGroup;
			children = (
				5BF58CE81F8DAA100052B52D /* HBAssemblyUITests.m */,
				5BF58CEA1F8DAA100052B52D /* Info.plist */,
			);
			path = HBAssemblyUITests;
			sourceTree = "<group>";
		};
/* End PBXGroup section */

/* Begin PBXNativeTarget section */
		5BF58CBF1F8DAA100052B52D /* HBAssembly */ = {
			isa = PBXNativeTarget;
			buildConfigurationList = 5BF58CED1F8DAA100052B52D /* Build configuration list for PBXNativeTarget "HBAssembly" */;
			buildPhases = (
				5BF58CBC1F8DAA100052B52D /* Sources */,
				5BF58CBD1F8DAA100052B52D /* Frameworks */,
				5BF58CBE1F8DAA100052B52D /* Resources */,
			);
			buildRules = (
			);
			dependencies = (
			);
			name = HBAssembly;
			productName = HBAssembly;
			productReference = 5BF58CC01F8DAA100052B52D /* HBAssembly.app */;
			productType = "com.apple.product-type.application";
		};
		5BF58CD81F8DAA100052B52D /* HBAssemblyTests */ = {
			isa = PBXNativeTarget;
			buildConfigurationList = 5BF58CF01F8DAA100052B52D /* Build configuration list for PBXNativeTarget "HBAssemblyTests" */;
			buildPhases = (
				5BF58CD51F8DAA100052B52D /* Sources */,
				5BF58CD61F8DAA100052B52D /* Frameworks */,
				5BF58CD71F8DAA100052B52D /* Resources */,
			);
			buildRules = (
			);
			dependencies = (
				5BF58CDB1F8DAA100052B52D /* PBXTargetDependency */,
			);
			name = HBAssemblyTests;
			productName = HBAssemblyTests;
			productReference = 5BF58CD91F8DAA100052B52D /* HBAssemblyTests.xctest */;
			productType = "com.apple.product-type.bundle.unit-test";
		};
		5BF58CE31F8DAA100052B52D /* HBAssemblyUITests */ = {
			isa = PBXNativeTarget;
			buildConfigurationList = 5BF58CF31F8DAA100052B52D /* Build configuration list for PBXNativeTarget "HBAssemblyUITests" */;
			buildPhases = (
				5BF58CE01F8DAA100052B52D /* Sources */,
				5BF58CE11F8DAA100052B52D /* Frameworks */,
				5BF58CE21F8DAA100052B52D /* Resources */,
			);
			buildRules = (
			);
			dependencies = (
				5BF58CE61F8DAA100052B52D /* PBXTargetDependency */,
			);
			name = HBAssemblyUITests;
			productName = HBAssemblyUITests;
			productReference = 5BF58CE41F8DAA100052B52D /* HBAssemblyUITests.xctest */;
			productType = "com.apple.product-type.bundle.ui-testing";
		};
/* End PBXNativeTarget section */

/* Begin PBXProject section */
		5BF58CB81F8DAA100052B52D /* Project object */ = {
			isa = PBXProject;
			attributes = {
				LastUpgradeCheck = 0830;
				ORGANIZATIONNAME = "贺兵";
				TargetAttributes = {
					5BF58CBF1F8DAA100052B52D = {
						CreatedOnToolsVersion = 8.3.1;
						ProvisioningStyle = Automatic;
					};
					5BF58CD81F8DAA100052B52D = {
						CreatedOnToolsVersion = 8.3.1;
						ProvisioningStyle = Automatic;
						TestTargetID = 5BF58CBF1F8DAA100052B52D;
					};
					5BF58CE31F8DAA100052B52D = {
						CreatedOnToolsVersion = 8.3.1;
						ProvisioningStyle = Automatic;
						TestTargetID = 5BF58CBF1F8DAA100052B52D;
					};
				};
			};
			buildConfigurationList = 5BF58CBB1F8DAA100052B52D /* Build configuration list for PBXProject "HBAssembly" */;
			compatibilityVersion = "Xcode 3.2";
			developmentRegion = English;
			hasScannedForEncodings = 0;
			knownRegions = (
				en,
				Base,
			);
			mainGroup = 5BF58CB71F8DAA100052B52D;
			productRefGroup = 5BF58CC11F8DAA100052B52D /* Products */;
			projectDirPath = "";
			projectRoot = "";
			targets = (
				5BF58CBF1F8DAA100052B52D /* HBAssembly */,
				5BF58CD81F8DAA100052B52D /* HBAssemblyTests */,
				5BF58CE31F8DAA100052B52D /* HBAssemblyUITests */,
			);
		};
/* End PBXProject section */

/* Begin PBXResourcesBuildPhase section */
		5BF58CBE1F8DAA100052B52D /* Resources */ = {
			isa = PBXResourcesBuildPhase;
			buildActionMask = 2147483647;
			files = (
				5BF58CD31F8DAA100052B52D /* LaunchScreen.storyboard in Resources */,
				5BF58CD01F8DAA100052B52D /* Assets.xcassets in Resources */,
				5BF58CCE1F8DAA100052B52D /* Main.storyboard in Resources */,
			);
			runOnlyForDeploymentPostprocessing = 0;
		};
		5BF58CD71F8DAA100052B52D /* Resources */ = {
			isa = PBXResourcesBuildPhase;
			buildActionMask = 2147483647;
			files = (
			);
			runOnlyForDeploymentPostprocessing = 0;
		};
		5BF58CE21F8DAA100052B52D /* Resources */ = {
			isa = PBXResourcesBuildPhase;
			buildActionMask = 2147483647;
			files = (
			);
			runOnlyForDeploymentPostprocessing = 0;
		};
/* End PBXResourcesBuildPhase section */

/* Begin PBXSourcesBuildPhase section */
		5BF58CBC1F8DAA100052B52D /* Sources */ = {
			isa = PBXSourcesBuildPhase;
			buildActionMask = 2147483647;
			files = (
				5BF58CCB1F8DAA100052B52D /* ViewController.m in Sources */,
				5BF58CC81F8DAA100052B52D /* AppDelegate.m in Sources */,
				5BF58CFB1F8DAA360052B52D /* HBRoundView.m in Sources */,
				5BF58CC51F8DAA100052B52D /* main.m in Sources */,
				5BF58CFA1F8DAA360052B52D /* HBroundLabel.m in Sources */,
			);
			runOnlyForDeploymentPostprocessing = 0;
		};
		5BF58CD51F8DAA100052B52D /* Sources */ = {
			isa = PBXSourcesBuildPhase;
			buildActionMask = 2147483647;
			files = (
				5BF58CDE1F8DAA100052B52D /* HBAssemblyTests.m in Sources */,
			);
			runOnlyForDeploymentPostprocessing = 0;
		};
		5BF58CE01F8DAA100052B52D /* Sources */ = {
			isa = PBXSourcesBuildPhase;
			buildActionMask = 2147483647;
			files = (
				5BF58CE91F8DAA100052B52D /* HBAssemblyUITests.m in Sources */,
			);
			runOnlyForDeploymentPostprocessing = 0;
		};
/* End PBXSourcesBuildPhase section */

/* Begin PBXTargetDependency section */
		5BF58CDB1F8DAA100052B52D /* PBXTargetDependency */ = {
			isa = PBXTargetDependency;
			target = 5BF58CBF1F8DAA100052B52D /* HBAssembly */;
			targetProxy = 5BF58CDA1F8DAA100052B52D /* PBXContainerItemProxy */;
		};
		5BF58CE61F8DAA100052B52D /* PBXTargetDependency */ = {
			isa = PBXTargetDependency;
			target = 5BF58CBF1F8DAA100052B52D /* HBAssembly */;
			targetProxy = 5BF58CE51F8DAA100052B52D /* PBXContainerItemProxy */;
		};
/* End PBXTargetDependency section */

/* Begin PBXVariantGroup section */
		5BF58CCC1F8DAA100052B52D /* Main.storyboard */ = {
			isa = PBXVariantGroup;
			children = (
				5BF58CCD1F8DAA100052B52D /* Base */,
			);
			name = Main.storyboard;
			sourceTree = "<group>";
		};
		5BF58CD11F8DAA100052B52D /* LaunchScreen.storyboard */ = {
			isa = PBXVariantGroup;
			children = (
				5BF58CD21F8DAA100052B52D /* Base */,
			);
			name = LaunchScreen.storyboard;
			sourceTree = "<group>";
		};
/* End PBXVariantGroup section */

/* Begin XCBuildConfiguration section */
		5BF58CEB1F8DAA100052B52D /* Debug */ = {
			isa = XCBuildConfiguration;
			buildSettings = {
				ALWAYS_SEARCH_USER_PATHS = NO;
				CLANG_ANALYZER_NONNULL = YES;
				CLANG_ANALYZER_NUMBER_OBJECT_CONVERSION = YES_AGGRESSIVE;
				CLANG_CXX_LANGUAGE_STANDARD = "gnu++0x";
				CLANG_CXX_LIBRARY = "libc++";
				CLANG_ENABLE_MODULES = YES;
				CLANG_ENABLE_OBJC_ARC = YES;
				CLANG_WARN_BOOL_CONVERSION = YES;
				CLANG_WARN_CONSTANT_CONVERSION = YES;
				CLANG_WARN_DIRECT_OBJC_ISA_USAGE = YES_ERROR;
				CLANG_WARN_DOCUMENTATION_COMMENTS = YES;
				CLANG_WARN_EMPTY_BODY = YES;
				CLANG_WARN_ENUM_CONVERSION = YES;
				CLANG_WARN_INFINITE_RECURSION = YES;
				CLANG_WARN_INT_CONVERSION = YES;
				CLANG_WARN_OBJC_ROOT_CLASS = YES_ERROR;
				CLANG_WARN_SUSPICIOUS_MOVE = YES;
				CLANG_WARN_UNREACHABLE_CODE = YES;
				CLANG_WARN__DUPLICATE_METHOD_MATCH = YES;
				"CODE_SIGN_IDENTITY[sdk=iphoneos*]" = "iPhone Developer";
				COPY_PHASE_STRIP = NO;
				DEBUG_INFORMATION_FORMAT = dwarf;
				ENABLE_STRICT_OBJC_MSGSEND = YES;
				ENABLE_TESTABILITY = YES;
				GCC_C_LANGUAGE_STANDARD = gnu99;
				GCC_DYNAMIC_NO_PIC = NO;
				GCC_NO_COMMON_BLOCKS = YES;
				GCC_OPTIMIZATION_LEVEL = 0;
				GCC_PREPROCESSOR_DEFINITIONS = (
					"DEBUG=1",
					"$(inherited)",
				);
				GCC_WARN_64_TO_32_BIT_CONVERSION = YES;
				GCC_WARN_ABOUT_RETURN_TYPE = YES_ERROR;
				GCC_WARN_UNDECLARED_SELECTOR = YES;
				GCC_WARN_UNINITIALIZED_AUTOS = YES_AGGRESSIVE;
				GCC_WARN_UNUSED_FUNCTION = YES;
				GCC_WARN_UNUSED_VARIABLE = YES;
				IPHONEOS_DEPLOYMENT_TARGET = 10.3;
				MTL_ENABLE_DEBUG_INFO = YES;
				ONLY_ACTIVE_ARCH = YES;
				SDKROOT = iphoneos;
				TARGETED_DEVICE_FAMILY = "1,2";
			};
			name = Debug;
		};
		5BF58CEC1F8DAA100052B52D /* Release */ = {
			isa = XCBuildConfiguration;
			buildSettings = {
				ALWAYS_SEARCH_USER_PATHS = NO;
				CLANG_ANALYZER_NONNULL = YES;
				CLANG_ANALYZER_NUMBER_OBJECT_CONVERSION = YES_AGGRESSIVE;
				CLANG_CXX_LANGUAGE_STANDARD = "gnu++0x";
				CLANG_CXX_LIBRARY = "libc++";
				CLANG_ENABLE_MODULES = YES;
				CLANG_ENABLE_OBJC_ARC = YES;
				CLANG_WARN_BOOL_CONVERSION = YES;
				CLANG_WARN_CONSTANT_CONVERSION = YES;
				CLANG_WARN_DIRECT_OBJC_ISA_USAGE = YES_ERROR;
				CLANG_WARN_DOCUMENTATION_COMMENTS = YES;
				CLANG_WARN_EMPTY_BODY = YES;
				CLANG_WARN_ENUM_CONVERSION = YES;
				CLANG_WARN_INFINITE_RECURSION = YES;
				CLANG_WARN_INT_CONVERSION = YES;
				CLANG_WARN_OBJC_ROOT_CLASS = YES_ERROR;
				CLANG_WARN_SUSPICIOUS_MOVE = YES;
				CLANG_WARN_UNREACHABLE_CODE = YES;
				CLANG_WARN__DUPLICATE_METHOD_MATCH = YES;
				"CODE_SIGN_IDENTITY[sdk=iphoneos*]" = "iPhone Developer";
				COPY_PHASE_STRIP = NO;
				DEBUG_INFORMATION_FORMAT = "dwarf-with-dsym";
				ENABLE_NS_ASSERTIONS = NO;
				ENABLE_STRICT_OBJC_MSGSEND = YES;
				GCC_C_LANGUAGE_STANDARD = gnu99;
				GCC_NO_COMMON_BLOCKS = YES;
				GCC_WARN_64_TO_32_BIT_CONVERSION = YES;
				GCC_WARN_ABOUT_RETURN_TYPE = YES_ERROR;
				GCC_WARN_UNDECLARED_SELECTOR = YES;
				GCC_WARN_UNINITIALIZED_AUTOS = YES_AGGRESSIVE;
				GCC_WARN_UNUSED_FUNCTION = YES;
				GCC_WARN_UNUSED_VARIABLE = YES;
				IPHONEOS_DEPLOYMENT_TARGET = 10.3;
				MTL_ENABLE_DEBUG_INFO = NO;
				SDKROOT = iphoneos;
				TARGETED_DEVICE_FAMILY = "1,2";
				VALIDATE_PRODUCT = YES;
			};
			name = Release;
		};
		5BF58CEE1F8DAA100052B52D /* Debug */ = {
			isa = XCBuildConfiguration;
			buildSettings = {
				ASSETCATALOG_COMPILER_APPICON_NAME = AppIcon;
				INFOPLIST_FILE = HBAssembly/Info.plist;
				LD_RUNPATH_SEARCH_PATHS = "$(inherited) @executable_path/Frameworks";
				PRODUCT_BUNDLE_IDENTIFIER = com.xinguanli.HBAssembly;
				PRODUCT_NAME = "$(TARGET_NAME)";
			};
			name = Debug;
		};
		5BF58CEF1F8DAA100052B52D /* Release */ = {
			isa = XCBuildConfiguration;
			buildSettings = {
				ASSETCATALOG_COMPILER_APPICON_NAME = AppIcon;
				INFOPLIST_FILE = HBAssembly/Info.plist;
				LD_RUNPATH_SEARCH_PATHS = "$(inherited) @executable_path/Frameworks";
				PRODUCT_BUNDLE_IDENTIFIER = com.xinguanli.HBAssembly;
				PRODUCT_NAME = "$(TARGET_NAME)";
			};
			name = Release;
		};
		5BF58CF11F8DAA100052B52D /* Debug */ = {
			isa = XCBuildConfiguration;
			buildSettings = {
				BUNDLE_LOADER = "$(TEST_HOST)";
				INFOPLIST_FILE = HBAssemblyTests/Info.plist;
				LD_RUNPATH_SEARCH_PATHS = "$(inherited) @executable_path/Frameworks @loader_path/Frameworks";
				PRODUCT_BUNDLE_IDENTIFIER = com.xinguanli.HBAssemblyTests;
				PRODUCT_NAME = "$(TARGET_NAME)";
				TEST_HOST = "$(BUILT_PRODUCTS_DIR)/HBAssembly.app/HBAssembly";
			};
			name = Debug;
		};
		5BF58CF21F8DAA100052B52D /* Release */ = {
			isa = XCBuildConfiguration;
			buildSettings = {
				BUNDLE_LOADER = "$(TEST_HOST)";
				INFOPLIST_FILE = HBAssemblyTests/Info.plist;
				LD_RUNPATH_SEARCH_PATHS = "$(inherited) @executable_path/Frameworks @loader_path/Frameworks";
				PRODUCT_BUNDLE_IDENTIFIER = com.xinguanli.HBAssemblyTests;
				PRODUCT_NAME = "$(TARGET_NAME)";
				TEST_HOST = "$(BUILT_PRODUCTS_DIR)/HBAssembly.app/HBAssembly";
			};
			name = Release;
		};
		5BF58CF41F8DAA100052B52D /* Debug */ = {
			isa = XCBuildConfiguration;
			buildSettings = {
				INFOPLIST_FILE = HBAssemblyUITests/Info.plist;
				LD_RUNPATH_SEARCH_PATHS = "$(inherited) @executable_path/Frameworks @loader_path/Frameworks";
				PRODUCT_BUNDLE_IDENTIFIER = com.xinguanli.HBAssemblyUITests;
				PRODUCT_NAME = "$(TARGET_NAME)";
				TEST_TARGET_NAME = HBAssembly;
			};
			name = Debug;
		};
		5BF58CF51F8DAA100052B52D /* Release */ = {
			isa = XCBuildConfiguration;
			buildSettings = {
				INFOPLIST_FILE = HBAssemblyUITests/Info.plist;
				LD_RUNPATH_SEARCH_PATHS = "$(inherited) @executable_path/Frameworks @loader_path/Frameworks";
				PRODUCT_BUNDLE_IDENTIFIER = com.xinguanli.HBAssemblyUITests;
				PRODUCT_NAME = "$(TARGET_NAME)";
				TEST_TARGET_NAME = HBAssembly;
			};
			name = Release;
		};
/* End XCBuildConfiguration section */

/* Begin XCConfigurationList section */
		5BF58CBB1F8DAA100052B52D /* Build configuration list for PBXProject "HBAssembly" */ = {
			isa = XCConfigurationList;
			buildConfigurations = (
				5BF58CEB1F8DAA100052B52D /* Debug */,
				5BF58CEC1F8DAA100052B52D /* Release */,
			);
			defaultConfigurationIsVisible = 0;
			defaultConfigurationName = Release;
		};
		5BF58CED1F8DAA100052B52D /* Build configuration list for PBXNativeTarget "HBAssembly" */ = {
			isa = XCConfigurationList;
			buildConfigurations = (
				5BF58CEE1F8DAA100052B52D /* Debug */,
				5BF58CEF1F8DAA100052B52D /* Release */,
			);
			defaultConfigurationIsVisible = 0;
		};
		5BF58CF01F8DAA100052B52D /* Build configuration list for PBXNativeTarget "HBAssemblyTests" */ = {
			isa = XCConfigurationList;
			buildConfigurations = (
				5BF58CF11F8DAA100052B52D /* Debug */,
				5BF58CF21F8DAA100052B52D /* Release */,
			);
			defaultConfigurationIsVisible = 0;
		};
		5BF58CF31F8DAA100052B52D /* Build configuration list for PBXNativeTarget "HBAssemblyUITests" */ = {
			isa = XCConfigurationList;
			buildConfigurations = (
				5BF58CF41F8DAA100052B52D /* Debug */,
				5BF58CF51F8DAA100052B52D /* Release */,
			);
			defaultConfigurationIsVisible = 0;
		};
/* End XCConfigurationList section */
	};
	rootObject = 5BF58CB81F8DAA100052B52D /* Project object */;
}
